
Microsoft Visual Studio Solution File, Format Version 12.00
# Visual Studio Version 17
VisualStudioVersion = 17.13.35806.99 d17.13
MinimumVisualStudioVersion = 10.0.40219.1
Project("{8BC9CEB8-8B4A-11D0-8D11-00A0C91BC942}") = "Math Game (Project)", "Math Game (Project)\Math Game (Project).vcxproj", "{E89B8AD5-F7C6-479C-ACE0-B45CD06CF510}"
EndProject
Global
	GlobalSection(SolutionConfigurationPlatforms) = preSolution
		Debug|x64 = Debug|x64
		Debug|x86 = Debug|x86
		Release|x64 = Release|x64
		Release|x86 = Release|x86
	EndGlobalSection
	GlobalSection(ProjectConfigurationPlatforms) = postSolution
		{E89B8AD5-F7C6-479C-ACE0-B45CD06CF510}.Debug|x64.ActiveCfg = Debug|x64
		{E89B8AD5-F7C6-479C-ACE0-B45CD06CF510}.Debug|x64.Build.0 = Debug|x64
		{E89B8AD5-F7C6-479C-ACE0-B45CD06CF510}.Debug|x86.ActiveCfg = Debug|Win32
		{E89B8AD5-F7C6-479C-ACE0-B45CD06CF510}.Debug|x86.Build.0 = Debug|Win32
		{E89B8AD5-F7C6-479C-ACE0-B45CD06CF510}.Release|x64.ActiveCfg = Release|x64
		{E89B8AD5-F7C6-479C-ACE0-B45CD06CF510}.Release|x64.Build.0 = Release|x64
		{E89B8AD5-F7C6-479C-ACE0-B45CD06CF510}.Release|x86.ActiveCfg = Release|Win32
		{E89B8AD5-F7C6-479C-ACE0-B45CD06CF510}.Release|x86.Build.0 = Release|Win32
	EndGlobalSection
	GlobalSection(SolutionProperties) = preSolution
		HideSolutionNode = FALSE
	EndGlobalSection
	GlobalSection(ExtensibilityGlobals) = postSolution
		SolutionGuid = {74D63394-C13A-4220-9A86-6E2D84C6FAAF}
	EndGlobalSection
EndGlobal
